
Microsoft Visual Studio Solution File, Format Version 12.00
# Visual Studio Version 17
VisualStudioVersion = 17.3.32804.467
MinimumVisualStudioVersion = 10.0.40219.1
Project("{9A19103F-16F7-4668-BE54-9A1E7A4F7556}") = "ManagementSoftware", "ManagementSoftware\ManagementSoftware.csproj", "{0D95702E-496A-4FFE-87B9-F30A5FCE08EE}"
EndProject
Global
	GlobalSection(SolutionConfigurationPlatforms) = preSolution
		Debug|Any CPU = Debug|Any CPU
		Release|Any CPU = Release|Any CPU
	EndGlobalSection
	GlobalSection(ProjectConfigurationPlatforms) = postSolution
		{0D95702E-496A-4FFE-87B9-F30A5FCE08EE}.Debug|Any CPU.ActiveCfg = Debug|Any CPU
		{0D95702E-496A-4FFE-87B9-F30A5FCE08EE}.Debug|Any CPU.Build.0 = Debug|Any CPU
		{0D95702E-496A-4FFE-87B9-F30A5FCE08EE}.Release|Any CPU.ActiveCfg = Release|Any CPU
		{0D95702E-496A-4FFE-87B9-F30A5FCE08EE}.Release|Any CPU.Build.0 = Release|Any CPU
	EndGlobalSection
	GlobalSection(SolutionProperties) = preSolution
		HideSolutionNode = FALSE
	EndGlobalSection
	GlobalSection(ExtensibilityGlobals) = postSolution
		SolutionGuid = {2D188C80-58B8-4312-99A4-FCE534BFC506}
	EndGlobalSection
EndGlobal
